
Microsoft Visual Studio Solution File, Format Version 12.00
# Visual Studio Version 16
VisualStudioVersion = 25.0.1703.5
MinimumVisualStudioVersion = 10.0.40219.1
Project("{FAE04EC0-301F-11D3-BF4B-00C04F79EFBC}") = "RockPaperScissors", "RockPaperScissors\RockPaperScissors.csproj", "{23DBED7E-C17D-4282-8939-7F405110B784}"
EndProject
Global
	GlobalSection(SolutionConfigurationPlatforms) = preSolution
		Debug|Any CPU = Debug|Any CPU
		Release|Any CPU = Release|Any CPU
	EndGlobalSection
	GlobalSection(ProjectConfigurationPlatforms) = postSolution
		{23DBED7E-C17D-4282-8939-7F405110B784}.Debug|Any CPU.ActiveCfg = Debug|Any CPU
		{23DBED7E-C17D-4282-8939-7F405110B784}.Debug|Any CPU.Build.0 = Debug|Any CPU
		{23DBED7E-C17D-4282-8939-7F405110B784}.Release|Any CPU.ActiveCfg = Release|Any CPU
		{23DBED7E-C17D-4282-8939-7F405110B784}.Release|Any CPU.Build.0 = Release|Any CPU
	EndGlobalSection
	GlobalSection(SolutionProperties) = preSolution
		HideSolutionNode = FALSE
	EndGlobalSection
	GlobalSection(ExtensibilityGlobals) = postSolution
		SolutionGuid = {1663B664-2E44-4F9B-A4AE-D3663BFCC7EE}
	EndGlobalSection
EndGlobal
